
Microsoft Visual Studio Solution File, Format Version 12.00
# Visual Studio 15
VisualStudioVersion = 15.0.27130.2003
MinimumVisualStudioVersion = 10.0.40219.1
Project("{FAE04EC0-301F-11D3-BF4B-00C04F79EFBC}") = "WindowsFormsApp1", "WindowsFormsApp1\WindowsFormsApp1.csproj", "{35B7B3B3-3A45-4575-ABFC-7F16666DC68E}"
EndProject
Global
	GlobalSection(SolutionConfigurationPlatforms) = preSolution
		Debug|Any CPU = Debug|Any CPU
		Debug|x64 = Debug|x64
		Release|Any CPU = Release|Any CPU
		Release|x64 = Release|x64
	EndGlobalSection
	GlobalSection(ProjectConfigurationPlatforms) = postSolution
		{35B7B3B3-3A45-4575-ABFC-7F16666DC68E}.Debug|Any CPU.ActiveCfg = Debug|Any CPU
		{35B7B3B3-3A45-4575-ABFC-7F16666DC68E}.Debug|Any CPU.Build.0 = Debug|Any CPU
		{35B7B3B3-3A45-4575-ABFC-7F16666DC68E}.Debug|x64.ActiveCfg = Debug|Any CPU
		{35B7B3B3-3A45-4575-ABFC-7F16666DC68E}.Debug|x64.Build.0 = Debug|Any CPU
		{35B7B3B3-3A45-4575-ABFC-7F16666DC68E}.Release|Any CPU.ActiveCfg = Release|Any CPU
		{35B7B3B3-3A45-4575-ABFC-7F16666DC68E}.Release|Any CPU.Build.0 = Release|Any CPU
		{35B7B3B3-3A45-4575-ABFC-7F16666DC68E}.Release|x64.ActiveCfg = Release|Any CPU
		{35B7B3B3-3A45-4575-ABFC-7F16666DC68E}.Release|x64.Build.0 = Release|Any CPU
	EndGlobalSection
	GlobalSection(SolutionProperties) = preSolution
		HideSolutionNode = FALSE
	EndGlobalSection
	GlobalSection(ExtensibilityGlobals) = postSolution
		SolutionGuid = {D060B503-A5E9-4ABB-83A3-0A811E6BAED9}
	EndGlobalSection
EndGlobal
